
Microsoft Visual Studio Solution File, Format Version 12.00
# Visual Studio Version 16
VisualStudioVersion = 16.0.32602.291
MinimumVisualStudioVersion = 10.0.40219.1
Project("{FAE04EC0-301F-11D3-BF4B-00C04F79EFBC}") = "PathLesson", "PathLesson\PathLesson.csproj", "{4C7C0EEF-AC55-4929-B8B1-FED7A22A340F}"
EndProject
Global
	GlobalSection(SolutionConfigurationPlatforms) = preSolution
		Debug|Any CPU = Debug|Any CPU
		Release|Any CPU = Release|Any CPU
	EndGlobalSection
	GlobalSection(ProjectConfigurationPlatforms) = postSolution
		{4C7C0EEF-AC55-4929-B8B1-FED7A22A340F}.Debug|Any CPU.ActiveCfg = Debug|Any CPU
		{4C7C0EEF-AC55-4929-B8B1-FED7A22A340F}.Debug|Any CPU.Build.0 = Debug|Any CPU
		{4C7C0EEF-AC55-4929-B8B1-FED7A22A340F}.Release|Any CPU.ActiveCfg = Release|Any CPU
		{4C7C0EEF-AC55-4929-B8B1-FED7A22A340F}.Release|Any CPU.Build.0 = Release|Any CPU
	EndGlobalSection
	GlobalSection(SolutionProperties) = preSolution
		HideSolutionNode = FALSE
	EndGlobalSection
	GlobalSection(ExtensibilityGlobals) = postSolution
		SolutionGuid = {98D209BF-B70A-4491-9429-3A371CF2ACE7}
	EndGlobalSection
EndGlobal
