
Microsoft Visual Studio Solution File, Format Version 12.00
# Visual Studio Version 16
VisualStudioVersion = 16.0.32602.291
MinimumVisualStudioVersion = 10.0.40219.1
Project("{FAE04EC0-301F-11D3-BF4B-00C04F79EFBC}") = "ArraysNListsExercises", "ArraysNListsExercises\ArraysNListsExercises.csproj", "{455B8947-87BE-4EFD-8C3E-AE08B4C964C3}"
EndProject
Global
	GlobalSection(SolutionConfigurationPlatforms) = preSolution
		Debug|Any CPU = Debug|Any CPU
		Release|Any CPU = Release|Any CPU
	EndGlobalSection
	GlobalSection(ProjectConfigurationPlatforms) = postSolution
		{455B8947-87BE-4EFD-8C3E-AE08B4C964C3}.Debug|Any CPU.ActiveCfg = Debug|Any CPU
		{455B8947-87BE-4EFD-8C3E-AE08B4C964C3}.Debug|Any CPU.Build.0 = Debug|Any CPU
		{455B8947-87BE-4EFD-8C3E-AE08B4C964C3}.Release|Any CPU.ActiveCfg = Release|Any CPU
		{455B8947-87BE-4EFD-8C3E-AE08B4C964C3}.Release|Any CPU.Build.0 = Release|Any CPU
	EndGlobalSection
	GlobalSection(SolutionProperties) = preSolution
		HideSolutionNode = FALSE
	EndGlobalSection
	GlobalSection(ExtensibilityGlobals) = postSolution
		SolutionGuid = {6463F0E3-3780-4E0F-B229-19747E15857A}
	EndGlobalSection
EndGlobal
