
Microsoft Visual Studio Solution File, Format Version 12.00
# Visual Studio Version 16
VisualStudioVersion = 16.0.32602.291
MinimumVisualStudioVersion = 10.0.40219.1
Project("{FAE04EC0-301F-11D3-BF4B-00C04F79EFBC}") = "TimeSpanLesson", "TimeSpanLesson\TimeSpanLesson.csproj", "{2282C4F2-5DFA-43D7-9644-3E16A6540193}"
EndProject
Global
	GlobalSection(SolutionConfigurationPlatforms) = preSolution
		Debug|Any CPU = Debug|Any CPU
		Release|Any CPU = Release|Any CPU
	EndGlobalSection
	GlobalSection(ProjectConfigurationPlatforms) = postSolution
		{2282C4F2-5DFA-43D7-9644-3E16A6540193}.Debug|Any CPU.ActiveCfg = Debug|Any CPU
		{2282C4F2-5DFA-43D7-9644-3E16A6540193}.Debug|Any CPU.Build.0 = Debug|Any CPU
		{2282C4F2-5DFA-43D7-9644-3E16A6540193}.Release|Any CPU.ActiveCfg = Release|Any CPU
		{2282C4F2-5DFA-43D7-9644-3E16A6540193}.Release|Any CPU.Build.0 = Release|Any CPU
	EndGlobalSection
	GlobalSection(SolutionProperties) = preSolution
		HideSolutionNode = FALSE
	EndGlobalSection
	GlobalSection(ExtensibilityGlobals) = postSolution
		SolutionGuid = {4D6A3773-69EB-456D-A65E-F4B89E8D004E}
	EndGlobalSection
EndGlobal
