
Microsoft Visual Studio Solution File, Format Version 12.00
# Visual Studio Version 16
VisualStudioVersion = 16.0.32602.291
MinimumVisualStudioVersion = 10.0.40219.1
Project("{FAE04EC0-301F-11D3-BF4B-00C04F79EFBC}") = "StringBuilderLesson", "StringBuilderLesson\StringBuilderLesson.csproj", "{893CEBB4-B819-4BD7-8523-7319CC03A0EC}"
EndProject
Global
	GlobalSection(SolutionConfigurationPlatforms) = preSolution
		Debug|Any CPU = Debug|Any CPU
		Release|Any CPU = Release|Any CPU
	EndGlobalSection
	GlobalSection(ProjectConfigurationPlatforms) = postSolution
		{893CEBB4-B819-4BD7-8523-7319CC03A0EC}.Debug|Any CPU.ActiveCfg = Debug|Any CPU
		{893CEBB4-B819-4BD7-8523-7319CC03A0EC}.Debug|Any CPU.Build.0 = Debug|Any CPU
		{893CEBB4-B819-4BD7-8523-7319CC03A0EC}.Release|Any CPU.ActiveCfg = Release|Any CPU
		{893CEBB4-B819-4BD7-8523-7319CC03A0EC}.Release|Any CPU.Build.0 = Release|Any CPU
	EndGlobalSection
	GlobalSection(SolutionProperties) = preSolution
		HideSolutionNode = FALSE
	EndGlobalSection
	GlobalSection(ExtensibilityGlobals) = postSolution
		SolutionGuid = {0FA0A852-2574-43DA-BD19-8693A9AA1E55}
	EndGlobalSection
EndGlobal
